{
  "name": "histone",
  "version": "3.1.20",
  "lockfileVersion": 1,
  "requires": true,
  "dependencies": {
    "regexp-lexer": {
      "version": "0.0.10",
      "resolved": "https://registry.npmjs.org/regexp-lexer/-/regexp-lexer-0.0.10.tgz",
      "integrity": "sha1-VM9ddON/UpXyyyCNVZRS7GLc1g8="
    }
  }
}
